
Microsoft Visual Studio Solution File, Format Version 12.00
# Visual Studio 15
VisualStudioVersion = 15.0.28307.168
MinimumVisualStudioVersion = 10.0.40219.1
Project("{9A19103F-16F7-4668-BE54-9A1E7A4F7556}") = "Simmy", "Simmy\Simmy.csproj", "{B7730E1D-0796-4151-95C3-1C6E7DE897B9}"
EndProject
Project("{9A19103F-16F7-4668-BE54-9A1E7A4F7556}") = "Simmy.Specs", "Simmy.Specs\Simmy.Specs.csproj", "{ED587F9F-BBE6-4715-9FAA-BAAEFE288A73}"
EndProject
Global
	GlobalSection(SolutionConfigurationPlatforms) = preSolution
		Debug|Any CPU = Debug|Any CPU
		Release|Any CPU = Release|Any CPU
	EndGlobalSection
	GlobalSection(ProjectConfigurationPlatforms) = postSolution
		{B7730E1D-0796-4151-95C3-1C6E7DE897B9}.Debug|Any CPU.ActiveCfg = Debug|Any CPU
		{B7730E1D-0796-4151-95C3-1C6E7DE897B9}.Debug|Any CPU.Build.0 = Debug|Any CPU
		{B7730E1D-0796-4151-95C3-1C6E7DE897B9}.Release|Any CPU.ActiveCfg = Release|Any CPU
		{B7730E1D-0796-4151-95C3-1C6E7DE897B9}.Release|Any CPU.Build.0 = Release|Any CPU
		{ED587F9F-BBE6-4715-9FAA-BAAEFE288A73}.Debug|Any CPU.ActiveCfg = Debug|Any CPU
		{ED587F9F-BBE6-4715-9FAA-BAAEFE288A73}.Debug|Any CPU.Build.0 = Debug|Any CPU
		{ED587F9F-BBE6-4715-9FAA-BAAEFE288A73}.Release|Any CPU.ActiveCfg = Release|Any CPU
		{ED587F9F-BBE6-4715-9FAA-BAAEFE288A73}.Release|Any CPU.Build.0 = Release|Any CPU
	EndGlobalSection
	GlobalSection(SolutionProperties) = preSolution
		HideSolutionNode = FALSE
	EndGlobalSection
	GlobalSection(ExtensibilityGlobals) = postSolution
		SolutionGuid = {509DA380-9907-48F4-BB77-DD6F8C4EF207}
	EndGlobalSection
EndGlobal
